// !$*UTF8*$!
{
	archiveVersion = 1;
	classes = {
	};
	objectVersion = 56;
	objects = {

/* Begin PBXBuildFile section */
		6502F0D42B056BBA001ACA77 /* PatientAppApp.swift in Sources */ = {isa = PBXBuildFile; fileRef = 6502F0D32B056BBA001ACA77 /* PatientAppApp.swift */; };
		6502F0D62B056BBA001ACA77 /* ContentView.swift in Sources */ = {isa = PBXBuildFile; fileRef = 6502F0D52B056BBA001ACA77 /* ContentView.swift */; };
		6502F0D82B056BBC001ACA77 /* Assets.xcassets in Resources */ = {isa = PBXBuildFile; fileRef = 6502F0D72B056BBC001ACA77 /* Assets.xcassets */; };
		6502F0DB2B056BBC001ACA77 /* Preview Assets.xcassets in Resources */ = {isa = PBXBuildFile; fileRef = 6502F0DA2B056BBC001ACA77 /* Preview Assets.xcassets */; };
		6502F0DD2B056BBC001ACA77 /* Persistence.swift in Sources */ = {isa = PBXBuildFile; fileRef = 6502F0DC2B056BBC001ACA77 /* Persistence.swift */; };
		6502F0E02B056BBC001ACA77 /* PatientApp.xcdatamodeld in Sources */ = {isa = PBXBuildFile; fileRef = 6502F0DE2B056BBC001ACA77 /* PatientApp.xcdatamodeld */; };
		6539E02D2B06B3FB00D01CC0 /* FirebaseAnalytics in Frameworks */ = {isa = PBXBuildFile; productRef = 6539E02C2B06B3FB00D01CC0 /* FirebaseAnalytics */; };
		6539E02F2B06B3FB00D01CC0 /* FirebaseAuth in Frameworks */ = {isa = PBXBuildFile; productRef = 6539E02E2B06B3FB00D01CC0 /* FirebaseAuth */; };
		6539E0312B06B3FB00D01CC0 /* FirebaseFirestore in Frameworks */ = {isa = PBXBuildFile; productRef = 6539E0302B06B3FB00D01CC0 /* FirebaseFirestore */; };
		6539E0332B06B5F900D01CC0 /* GoogleService-Info.plist in Resources */ = {isa = PBXBuildFile; fileRef = 6539E0322B06B5F800D01CC0 /* GoogleService-Info.plist */; };
/* End PBXBuildFile section */

/* Begin PBXFileReference section */
		6502F0D02B056BBA001ACA77 /* PatientApp.app */ = {isa = PBXFileReference; explicitFileType = wrapper.application; includeInIndex = 0; path = PatientApp.app; sourceTree = BUILT_PRODUCTS_DIR; };
		6502F0D32B056BBA001ACA77 /* PatientAppApp.swift */ = {isa = PBXFileReference; lastKnownFileType = sourcecode.swift; path = PatientAppApp.swift; sourceTree = "<group>"; };
		6502F0D52B056BBA001ACA77 /* ContentView.swift */ = {isa = PBXFileReference; lastKnownFileType = sourcecode.swift; path = ContentView.swift; sourceTree = "<group>"; };
		6502F0D72B056BBC001ACA77 /* Assets.xcassets */ = {isa = PBXFileReference; lastKnownFileType = folder.assetcatalog; path = Assets.xcassets; sourceTree = "<group>"; };
		6502F0DA2B056BBC001ACA77 /* Preview Assets.xcassets */ = {isa = PBXFileReference; lastKnownFileType = folder.assetcatalog; path = "Preview Assets.xcassets"; sourceTree = "<group>"; };
		6502F0DC2B056BBC001ACA77 /* Persistence.swift */ = {isa = PBXFileReference; lastKnownFileType = sourcecode.swift; path = Persistence.swift; sourceTree = "<group>"; };
		6502F0DF2B056BBC001ACA77 /* PatientApp.xcdatamodel */ = {isa = PBXFileReference; lastKnownFileType = wrapper.xcdatamodel; path = PatientApp.xcdatamodel; sourceTree = "<group>"; };
		6539E0322B06B5F800D01CC0 /* GoogleService-Info.plist */ = {isa = PBXFileReference; fileEncoding = 4; lastKnownFileType = text.plist.xml; path = "GoogleService-Info.plist"; sourceTree = "<group>"; };
		653A205E2B0C1A8D008BC7B8 /* Info.plist */ = {isa = PBXFileReference; lastKnownFileType = text.plist; path = Info.plist; sourceTree = "<group>"; };
		65AA183F2B05867F00D82FD9 /* PatientApp.entitlements */ = {isa = PBXFileReference; lastKnownFileType = text.plist.entitlements; path = PatientApp.entitlements; sourceTree = "<group>"; };
/* End PBXFileReference section */

/* Begin PBXFrameworksBuildPhase section */
		6502F0CD2B056BBA001ACA77 /* Frameworks */ = {
			isa = PBXFrameworksBuildPhase;
			buildActionMask = 2147483647;
			files = (
				6539E02D2B06B3FB00D01CC0 /* FirebaseAnalytics in Frameworks */,
				6539E02F2B06B3FB00D01CC0 /* FirebaseAuth in Frameworks */,
				6539E0312B06B3FB00D01CC0 /* FirebaseFirestore in Frameworks */,
			);
			runOnlyForDeploymentPostprocessing = 0;
		};
/* End PBXFrameworksBuildPhase section */

/* Begin PBXGroup section */
		6502F0C72B056BBA001ACA77 = {
			isa = PBXGroup;
			children = (
				6502F0D22B056BBA001ACA77 /* PatientApp */,
				6502F0D12B056BBA001ACA77 /* Products */,
			);
			sourceTree = "<group>";
		};
		6502F0D12B056BBA001ACA77 /* Products */ = {
			isa = PBXGroup;
			children = (
				6502F0D02B056BBA001ACA77 /* PatientApp.app */,
			);
			name = Products;
			sourceTree = "<group>";
		};
		6502F0D22B056BBA001ACA77 /* PatientApp */ = {
			isa = PBXGroup;
			children = (
				653A205E2B0C1A8D008BC7B8 /* Info.plist */,
				65AA183F2B05867F00D82FD9 /* PatientApp.entitlements */,
				6502F0D32B056BBA001ACA77 /* PatientAppApp.swift */,
				6502F0D52B056BBA001ACA77 /* ContentView.swift */,
				6502F0D72B056BBC001ACA77 /* Assets.xcassets */,
				6502F0DC2B056BBC001ACA77 /* Persistence.swift */,
				6502F0DE2B056BBC001ACA77 /* PatientApp.xcdatamodeld */,
				6539E0322B06B5F800D01CC0 /* GoogleService-Info.plist */,
				6502F0D92B056BBC001ACA77 /* Preview Content */,
			);
			path = PatientApp;
			sourceTree = "<group>";
		};
		6502F0D92B056BBC001ACA77 /* Preview Content */ = {
			isa = PBXGroup;
			children = (
				6502F0DA2B056BBC001ACA77 /* Preview Assets.xcassets */,
			);
			path = "Preview Content";
			sourceTree = "<group>";
		};
/* End PBXGroup section */

/* Begin PBXNativeTarget section */
		6502F0CF2B056BBA001ACA77 /* PatientApp */ = {
			isa = PBXNativeTarget;
			buildConfigurationList = 6502F0E32B056BBC001ACA77 /* Build configuration list for PBXNativeTarget "PatientApp" */;
			buildPhases = (
				6502F0CC2B056BBA001ACA77 /* Sources */,
				6502F0CD2B056BBA001ACA77 /* Frameworks */,
				6502F0CE2B056BBA001ACA77 /* Resources */,
			);
			buildRules = (
			);
			dependencies = (
			);
			name = PatientApp;
			packageProductDependencies = (
				6539E02C2B06B3FB00D01CC0 /* FirebaseAnalytics */,
				6539E02E2B06B3FB00D01CC0 /* FirebaseAuth */,
				6539E0302B06B3FB00D01CC0 /* FirebaseFirestore */,
			);
			productName = PatientApp;
			productReference = 6502F0D02B056BBA001ACA77 /* PatientApp.app */;
			productType = "com.apple.product-type.application";
		};
/* End PBXNativeTarget section */

/* Begin PBXProject section */
		6502F0C82B056BBA001ACA77 /* Project object */ = {
			isa = PBXProject;
			attributes = {
				BuildIndependentTargetsInParallel = 1;
				LastSwiftUpdateCheck = 1430;
				LastUpgradeCheck = 1430;
				TargetAttributes = {
					6502F0CF2B056BBA001ACA77 = {
						CreatedOnToolsVersion = 14.3.1;
					};
				};
			};
			buildConfigurationList = 6502F0CB2B056BBA001ACA77 /* Build configuration list for PBXProject "PatientApp" */;
			compatibilityVersion = "Xcode 14.0";
			developmentRegion = en;
			hasScannedForEncodings = 0;
			knownRegions = (
				en,
				Base,
			);
			mainGroup = 6502F0C72B056BBA001ACA77;
			packageReferences = (
				6539E02B2B06B3FB00D01CC0 /* XCRemoteSwiftPackageReference "firebase-ios-sdk" */,
			);
			productRefGroup = 6502F0D12B056BBA001ACA77 /* Products */;
			projectDirPath = "";
			projectRoot = "";
			targets = (
				6502F0CF2B056BBA001ACA77 /* PatientApp */,
			);
		};
/* End PBXProject section */

/* Begin PBXResourcesBuildPhase section */
		6502F0CE2B056BBA001ACA77 /* Resources */ = {
			isa = PBXResourcesBuildPhase;
			buildActionMask = 2147483647;
			files = (
				6502F0DB2B056BBC001ACA77 /* Preview Assets.xcassets in Resources */,
				6502F0D82B056BBC001ACA77 /* Assets.xcassets in Resources */,
				6539E0332B06B5F900D01CC0 /* GoogleService-Info.plist in Resources */,
			);
			runOnlyForDeploymentPostprocessing = 0;
		};
/* End PBXResourcesBuildPhase section */

/* Begin PBXSourcesBuildPhase section */
		6502F0CC2B056BBA001ACA77 /* Sources */ = {
			isa = PBXSourcesBuildPhase;
			buildActionMask = 2147483647;
			files = (
				6502F0DD2B056BBC001ACA77 /* Persistence.swift in Sources */,
				6502F0E02B056BBC001ACA77 /* PatientApp.xcdatamodeld in Sources */,
				6502F0D62B056BBA001ACA77 /* ContentView.swift in Sources */,
				6502F0D42B056BBA001ACA77 /* PatientAppApp.swift in Sources */,
			);
			runOnlyForDeploymentPostprocessing = 0;
		};
/* End PBXSourcesBuildPhase section */

/* Begin XCBuildConfiguration section */
		6502F0E12B056BBC001ACA77 /* Debug */ = {
			isa = XCBuildConfiguration;
			buildSettings = {
				ALWAYS_SEARCH_USER_PATHS = NO;
				CLANG_ANALYZER_NONNULL = YES;
				CLANG_ANALYZER_NUMBER_OBJECT_CONVERSION = YES_AGGRESSIVE;
				CLANG_CXX_LANGUAGE_STANDARD = "gnu++20";
				CLANG_ENABLE_MODULES = YES;
				CLANG_ENABLE_OBJC_ARC = YES;
				CLANG_ENABLE_OBJC_WEAK = YES;
				CLANG_WARN_BLOCK_CAPTURE_AUTORELEASING = YES;
				CLANG_WARN_BOOL_CONVERSION = YES;
				CLANG_WARN_COMMA = YES;
				CLANG_WARN_CONSTANT_CONVERSION = YES;
				CLANG_WARN_DEPRECATED_OBJC_IMPLEMENTATIONS = YES;
				CLANG_WARN_DIRECT_OBJC_ISA_USAGE = YES_ERROR;
				CLANG_WARN_DOCUMENTATION_COMMENTS = YES;
				CLANG_WARN_EMPTY_BODY = YES;
				CLANG_WARN_ENUM_CONVERSION = YES;
				CLANG_WARN_INFINITE_RECURSION = YES;
				CLANG_WARN_INT_CONVERSION = YES;
				CLANG_WARN_NON_LITERAL_NULL_CONVERSION = YES;
				CLANG_WARN_OBJC_IMPLICIT_RETAIN_SELF = YES;
				CLANG_WARN_OBJC_LITERAL_CONVERSION = YES;
				CLANG_WARN_OBJC_ROOT_CLASS = YES_ERROR;
				CLANG_WARN_QUOTED_INCLUDE_IN_FRAMEWORK_HEADER = YES;
				CLANG_WARN_RANGE_LOOP_ANALYSIS = YES;
				CLANG_WARN_STRICT_PROTOTYPES = YES;
				CLANG_WARN_SUSPICIOUS_MOVE = YES;
				CLANG_WARN_UNGUARDED_AVAILABILITY = YES_AGGRESSIVE;
				CLANG_WARN_UNREACHABLE_CODE = YES;
				CLANG_WARN__DUPLICATE_METHOD_MATCH = YES;
				COPY_PHASE_STRIP = NO;
				DEBUG_INFORMATION_FORMAT = dwarf;
				ENABLE_STRICT_OBJC_MSGSEND = YES;
				ENABLE_TESTABILITY = YES;
				GCC_C_LANGUAGE_STANDARD = gnu11;
				GCC_DYNAMIC_NO_PIC = NO;
				GCC_NO_COMMON_BLOCKS = YES;
				GCC_OPTIMIZATION_LEVEL = 0;
				GCC_PREPROCESSOR_DEFINITIONS = (
					"DEBUG=1",
					"$(inherited)",
				);
				GCC_WARN_64_TO_32_BIT_CONVERSION = YES;
				GCC_WARN_ABOUT_RETURN_TYPE = YES_ERROR;
				GCC_WARN_UNDECLARED_SELECTOR = YES;
				GCC_WARN_UNINITIALIZED_AUTOS = YES_AGGRESSIVE;
				GCC_WARN_UNUSED_FUNCTION = YES;
				GCC_WARN_UNUSED_VARIABLE = YES;
				IPHONEOS_DEPLOYMENT_TARGET = 16.4;
				MTL_ENABLE_DEBUG_INFO = INCLUDE_SOURCE;
				MTL_FAST_MATH = YES;
				ONLY_ACTIVE_ARCH = YES;
				SDKROOT = iphoneos;
				SWIFT_ACTIVE_COMPILATION_CONDITIONS = DEBUG;
				SWIFT_OPTIMIZATION_LEVEL = "-Onone";
			};
			name = Debug;
		};
		6502F0E22B056BBC001ACA77 /* Release */ = {
			isa = XCBuildConfiguration;
			buildSettings = {
				ALWAYS_SEARCH_USER_PATHS = NO;
				CLANG_ANALYZER_NONNULL = YES;
				CLANG_ANALYZER_NUMBER_OBJECT_CONVERSION = YES_AGGRESSIVE;
				CLANG_CXX_LANGUAGE_STANDARD = "gnu++20";
				CLANG_ENABLE_MODULES = YES;
				CLANG_ENABLE_OBJC_ARC = YES;
				CLANG_ENABLE_OBJC_WEAK = YES;
				CLANG_WARN_BLOCK_CAPTURE_AUTORELEASING = YES;
				CLANG_WARN_BOOL_CONVERSION = YES;
				CLANG_WARN_COMMA = YES;
				CLANG_WARN_CONSTANT_CONVERSION = YES;
				CLANG_WARN_DEPRECATED_OBJC_IMPLEMENTATIONS = YES;
				CLANG_WARN_DIRECT_OBJC_ISA_USAGE = YES_ERROR;
				CLANG_WARN_DOCUMENTATION_COMMENTS = YES;
				CLANG_WARN_EMPTY_BODY = YES;
				CLANG_WARN_ENUM_CONVERSION = YES;
				CLANG_WARN_INFINITE_RECURSION = YES;
				CLANG_WARN_INT_CONVERSION = YES;
				CLANG_WARN_NON_LITERAL_NULL_CONVERSION = YES;
				CLANG_WARN_OBJC_IMPLICIT_RETAIN_SELF = YES;
				CLANG_WARN_OBJC_LITERAL_CONVERSION = YES;
				CLANG_WARN_OBJC_ROOT_CLASS = YES_ERROR;
				CLANG_WARN_QUOTED_INCLUDE_IN_FRAMEWORK_HEADER = YES;
				CLANG_WARN_RANGE_LOOP_ANALYSIS = YES;
				CLANG_WARN_STRICT_PROTOTYPES = YES;
				CLANG_WARN_SUSPICIOUS_MOVE = YES;
				CLANG_WARN_UNGUARDED_AVAILABILITY = YES_AGGRESSIVE;
				CLANG_WARN_UNREACHABLE_CODE = YES;
				CLANG_WARN__DUPLICATE_METHOD_MATCH = YES;
				COPY_PHASE_STRIP = NO;
				DEBUG_INFORMATION_FORMAT = "dwarf-with-dsym";
				ENABLE_NS_ASSERTIONS = NO;
				ENABLE_STRICT_OBJC_MSGSEND = YES;
				GCC_C_LANGUAGE_STANDARD = gnu11;
				GCC_NO_COMMON_BLOCKS = YES;
				GCC_WARN_64_TO_32_BIT_CONVERSION = YES;
				GCC_WARN_ABOUT_RETURN_TYPE = YES_ERROR;
				GCC_WARN_UNDECLARED_SELECTOR = YES;
				GCC_WARN_UNINITIALIZED_AUTOS = YES_AGGRESSIVE;
				GCC_WARN_UNUSED_FUNCTION = YES;
				GCC_WARN_UNUSED_VARIABLE = YES;
				IPHONEOS_DEPLOYMENT_TARGET = 16.4;
				MTL_ENABLE_DEBUG_INFO = NO;
				MTL_FAST_MATH = YES;
				SDKROOT = iphoneos;
				SWIFT_COMPILATION_MODE = wholemodule;
				SWIFT_OPTIMIZATION_LEVEL = "-O";
				VALIDATE_PRODUCT = YES;
			};
			name = Release;
		};
		6502F0E42B056BBC001ACA77 /* Debug */ = {
			isa = XCBuildConfiguration;
			buildSettings = {
				ASSETCATALOG_COMPILER_APPICON_NAME = AppIcon;
				ASSETCATALOG_COMPILER_GLOBAL_ACCENT_COLOR_NAME = AccentColor;
				CODE_SIGN_ENTITLEMENTS = PatientApp/PatientApp.entitlements;
				CODE_SIGN_STYLE = Automatic;
				CURRENT_PROJECT_VERSION = 1;
				DEVELOPMENT_ASSET_PATHS = "\"PatientApp/Preview Content\"";
				DEVELOPMENT_TEAM = 5RM7MZX4GY;
				ENABLE_PREVIEWS = YES;
				GENERATE_INFOPLIST_FILE = YES;
				INFOPLIST_FILE = PatientApp/Info.plist;
				INFOPLIST_KEY_NSHealthClinicalHealthRecordsShareUsageDescription = "PatientApp wants to access your health data to send to health professionals.";
				INFOPLIST_KEY_NSHealthShareUsageDescription = "PatientApp wants to access your health data to send to health professionals.";
				INFOPLIST_KEY_NSHealthUpdateUsageDescription = "PatientApp wants to access your health data to send to health professionals.";
				INFOPLIST_KEY_UIApplicationSceneManifest_Generation = YES;
				INFOPLIST_KEY_UIApplicationSupportsIndirectInputEvents = YES;
				INFOPLIST_KEY_UILaunchScreen_Generation = YES;
				INFOPLIST_KEY_UISupportedInterfaceOrientations_iPad = "UIInterfaceOrientationPortrait UIInterfaceOrientationPortraitUpsideDown UIInterfaceOrientationLandscapeLeft UIInterfaceOrientationLandscapeRight";
				INFOPLIST_KEY_UISupportedInterfaceOrientations_iPhone = "UIInterfaceOrientationPortrait UIInterfaceOrientationLandscapeLeft UIInterfaceOrientationLandscapeRight";
				LD_RUNPATH_SEARCH_PATHS = (
					"$(inherited)",
					"@executable_path/Frameworks",
				);
				MARKETING_VERSION = 1.0;
				PRODUCT_BUNDLE_IDENTIFIER = edu.angelo.PatientApp;
				PRODUCT_NAME = "$(TARGET_NAME)";
				SUPPORTED_PLATFORMS = "iphoneos iphonesimulator";
				SUPPORTS_MACCATALYST = NO;
				SUPPORTS_MAC_DESIGNED_FOR_IPHONE_IPAD = NO;
				SWIFT_EMIT_LOC_STRINGS = YES;
				SWIFT_VERSION = 5.0;
				TARGETED_DEVICE_FAMILY = "1,2";
			};
			name = Debug;
		};
		6502F0E52B056BBC001ACA77 /* Release */ = {
			isa = XCBuildConfiguration;
			buildSettings = {
				ASSETCATALOG_COMPILER_APPICON_NAME = AppIcon;
				ASSETCATALOG_COMPILER_GLOBAL_ACCENT_COLOR_NAME = AccentColor;
				CODE_SIGN_ENTITLEMENTS = PatientApp/PatientApp.entitlements;
				CODE_SIGN_IDENTITY = "Apple Development";
				CODE_SIGN_STYLE = Automatic;
				CURRENT_PROJECT_VERSION = 1;
				DEVELOPMENT_ASSET_PATHS = "\"PatientApp/Preview Content\"";
				DEVELOPMENT_TEAM = 5RM7MZX4GY;
				ENABLE_PREVIEWS = YES;
				GENERATE_INFOPLIST_FILE = YES;
				INFOPLIST_FILE = PatientApp/Info.plist;
				INFOPLIST_KEY_NSHealthClinicalHealthRecordsShareUsageDescription = "PatientApp wants to access your health data to send to health professionals.";
				INFOPLIST_KEY_NSHealthShareUsageDescription = "PatientApp wants to access your health data to send to health professionals.";
				INFOPLIST_KEY_NSHealthUpdateUsageDescription = "PatientApp wants to access your health data to send to health professionals.";
				INFOPLIST_KEY_UIApplicationSceneManifest_Generation = YES;
				INFOPLIST_KEY_UIApplicationSupportsIndirectInputEvents = YES;
				INFOPLIST_KEY_UILaunchScreen_Generation = YES;
				INFOPLIST_KEY_UISupportedInterfaceOrientations_iPad = "UIInterfaceOrientationPortrait UIInterfaceOrientationPortraitUpsideDown UIInterfaceOrientationLandscapeLeft UIInterfaceOrientationLandscapeRight";
				INFOPLIST_KEY_UISupportedInterfaceOrientations_iPhone = "UIInterfaceOrientationPortrait UIInterfaceOrientationLandscapeLeft UIInterfaceOrientationLandscapeRight";
				LD_RUNPATH_SEARCH_PATHS = (
					"$(inherited)",
					"@executable_path/Frameworks",
				);
				MARKETING_VERSION = 1.0;
				PRODUCT_BUNDLE_IDENTIFIER = edu.angelo.PatientApp;
				PRODUCT_NAME = "$(TARGET_NAME)";
				PROVISIONING_PROFILE_SPECIFIER = "";
				SUPPORTED_PLATFORMS = "iphoneos iphonesimulator";
				SUPPORTS_MACCATALYST = NO;
				SUPPORTS_MAC_DESIGNED_FOR_IPHONE_IPAD = NO;
				SWIFT_EMIT_LOC_STRINGS = YES;
				SWIFT_VERSION = 5.0;
				TARGETED_DEVICE_FAMILY = "1,2";
			};
			name = Release;
		};
/* End XCBuildConfiguration section */

/* Begin XCConfigurationList section */
		6502F0CB2B056BBA001ACA77 /* Build configuration list for PBXProject "PatientApp" */ = {
			isa = XCConfigurationList;
			buildConfigurations = (
				6502F0E12B056BBC001ACA77 /* Debug */,
				6502F0E22B056BBC001ACA77 /* Release */,
			);
			defaultConfigurationIsVisible = 0;
			defaultConfigurationName = Release;
		};
		6502F0E32B056BBC001ACA77 /* Build configuration list for PBXNativeTarget "PatientApp" */ = {
			isa = XCConfigurationList;
			buildConfigurations = (
				6502F0E42B056BBC001ACA77 /* Debug */,
				6502F0E52B056BBC001ACA77 /* Release */,
			);
			defaultConfigurationIsVisible = 0;
			defaultConfigurationName = Release;
		};
/* End XCConfigurationList section */

/* Begin XCRemoteSwiftPackageReference section */
		6539E02B2B06B3FB00D01CC0 /* XCRemoteSwiftPackageReference "firebase-ios-sdk" */ = {
			isa = XCRemoteSwiftPackageReference;
			repositoryURL = "https://github.com/firebase/firebase-ios-sdk";
			requirement = {
				kind = upToNextMajorVersion;
				minimumVersion = 10.0.0;
			};
		};
/* End XCRemoteSwiftPackageReference section */

/* Begin XCSwiftPackageProductDependency section */
		6539E02C2B06B3FB00D01CC0 /* FirebaseAnalytics */ = {
			isa = XCSwiftPackageProductDependency;
			package = 6539E02B2B06B3FB00D01CC0 /* XCRemoteSwiftPackageReference "firebase-ios-sdk" */;
			productName = FirebaseAnalytics;
		};
		6539E02E2B06B3FB00D01CC0 /* FirebaseAuth */ = {
			isa = XCSwiftPackageProductDependency;
			package = 6539E02B2B06B3FB00D01CC0 /* XCRemoteSwiftPackageReference "firebase-ios-sdk" */;
			productName = FirebaseAuth;
		};
		6539E0302B06B3FB00D01CC0 /* FirebaseFirestore */ = {
			isa = XCSwiftPackageProductDependency;
			package = 6539E02B2B06B3FB00D01CC0 /* XCRemoteSwiftPackageReference "firebase-ios-sdk" */;
			productName = FirebaseFirestore;
		};
/* End XCSwiftPackageProductDependency section */

/* Begin XCVersionGroup section */
		6502F0DE2B056BBC001ACA77 /* PatientApp.xcdatamodeld */ = {
			isa = XCVersionGroup;
			children = (
				6502F0DF2B056BBC001ACA77 /* PatientApp.xcdatamodel */,
			);
			currentVersion = 6502F0DF2B056BBC001ACA77 /* PatientApp.xcdatamodel */;
			path = PatientApp.xcdatamodeld;
			sourceTree = "<group>";
			versionGroupType = wrapper.xcdatamodel;
		};
/* End XCVersionGroup section */
	};
	rootObject = 6502F0C82B056BBA001ACA77 /* Project object */;
}
